// !$*UTF8*$!
{
	archiveVersion = 1;
	classes = {
	};
	objectVersion = 46;
	objects = {

/* Begin PBXBuildFile section */
		94C089FA1BF1741E0000C88E /* main.m in Sources */ = {isa = PBXBuildFile; fileRef = 94C089F91BF1741E0000C88E /* main.m */; };
		94C089FD1BF1741E0000C88E /* AppDelegate.m in Sources */ = {isa = PBXBuildFile; fileRef = 94C089FC1BF1741E0000C88E /* AppDelegate.m */; };
		94C08A001BF1741E0000C88E /* ViewController.m in Sources */ = {isa = PBXBuildFile; fileRef = 94C089FF1BF1741E0000C88E /* ViewController.m */; };
		94C08A031BF1741E0000C88E /* Main.storyboard in Resources */ = {isa = PBXBuildFile; fileRef = 94C08A011BF1741E0000C88E /* Main.storyboard */; };
		94C08A051BF1741E0000C88E /* Assets.xcassets in Resources */ = {isa = PBXBuildFile; fileRef = 94C08A041BF1741E0000C88E /* Assets.xcassets */; };
		94C08A081BF1741E0000C88E /* LaunchScreen.storyboard in Resources */ = {isa = PBXBuildFile; fileRef = 94C08A061BF1741E0000C88E /* LaunchScreen.storyboard */; };
		94C08A131BF1741E0000C88E /* ______demoTests.m in Sources */ = {isa = PBXBuildFile; fileRef = 94C08A121BF1741E0000C88E /* ______demoTests.m */; };
		94C08A1E1BF1741E0000C88E /* ______demoUITests.m in Sources */ = {isa = PBXBuildFile; fileRef = 94C08A1D1BF1741E0000C88E /* ______demoUITests.m */; };
		94C08A2E1BF174900000C88E /* SexangleProgess.m in Sources */ = {isa = PBXBuildFile; fileRef = 94C08A2D1BF174900000C88E /* SexangleProgess.m */; };
		94C08A321BF18FD50000C88E /* test.jpg in Resources */ = {isa = PBXBuildFile; fileRef = 94C08A311BF18FD50000C88E /* test.jpg */; };
		94C08A341BF1D4990000C88E /* test1.jpg in Resources */ = {isa = PBXBuildFile; fileRef = 94C08A331BF1D4990000C88E /* test1.jpg */; };
		94C08A361BF1D69A0000C88E /* test2.jpg in Resources */ = {isa = PBXBuildFile; fileRef = 94C08A351BF1D69A0000C88E /* test2.jpg */; };
/* End PBXBuildFile section */

/* Begin PBXContainerItemProxy section */
		94C08A0F1BF1741E0000C88E /* PBXContainerItemProxy */ = {
			isa = PBXContainerItemProxy;
			containerPortal = 94C089ED1BF1741E0000C88E /* Project object */;
			proxyType = 1;
			remoteGlobalIDString = 94C089F41BF1741E0000C88E;
			remoteInfo = "六边形进度条demo";
		};
		94C08A1A1BF1741E0000C88E /* PBXContainerItemProxy */ = {
			isa = PBXContainerItemProxy;
			containerPortal = 94C089ED1BF1741E0000C88E /* Project object */;
			proxyType = 1;
			remoteGlobalIDString = 94C089F41BF1741E0000C88E;
			remoteInfo = "六边形进度条demo";
		};
/* End PBXContainerItemProxy section */

/* Begin PBXFileReference section */
		94C089F51BF1741E0000C88E /* 六边形进度条demo.app */ = {isa = PBXFileReference; explicitFileType = wrapper.application; includeInIndex = 0; path = "六边形进度条demo.app"; sourceTree = BUILT_PRODUCTS_DIR; };
		94C089F91BF1741E0000C88E /* main.m */ = {isa = PBXFileReference; lastKnownFileType = sourcecode.c.objc; path = main.m; sourceTree = "<group>"; };
		94C089FB1BF1741E0000C88E /* AppDelegate.h */ = {isa = PBXFileReference; lastKnownFileType = sourcecode.c.h; path = AppDelegate.h; sourceTree = "<group>"; };
		94C089FC1BF1741E0000C88E /* AppDelegate.m */ = {isa = PBXFileReference; lastKnownFileType = sourcecode.c.objc; path = AppDelegate.m; sourceTree = "<group>"; };
		94C089FE1BF1741E0000C88E /* ViewController.h */ = {isa = PBXFileReference; lastKnownFileType = sourcecode.c.h; path = ViewController.h; sourceTree = "<group>"; };
		94C089FF1BF1741E0000C88E /* ViewController.m */ = {isa = PBXFileReference; lastKnownFileType = sourcecode.c.objc; path = ViewController.m; sourceTree = "<group>"; };
		94C08A021BF1741E0000C88E /* Base */ = {isa = PBXFileReference; lastKnownFileType = file.storyboard; name = Base; path = Base.lproj/Main.storyboard; sourceTree = "<group>"; };
		94C08A041BF1741E0000C88E /* Assets.xcassets */ = {isa = PBXFileReference; lastKnownFileType = folder.assetcatalog; path = Assets.xcassets; sourceTree = "<group>"; };
		94C08A071BF1741E0000C88E /* Base */ = {isa = PBXFileReference; lastKnownFileType = file.storyboard; name = Base; path = Base.lproj/LaunchScreen.storyboard; sourceTree = "<group>"; };
		94C08A091BF1741E0000C88E /* Info.plist */ = {isa = PBXFileReference; lastKnownFileType = text.plist.xml; path = Info.plist; sourceTree = "<group>"; };
		94C08A0E1BF1741E0000C88E /* 六边形进度条demoTests.xctest */ = {isa = PBXFileReference; explicitFileType = wrapper.cfbundle; includeInIndex = 0; path = "六边形进度条demoTests.xctest"; sourceTree = BUILT_PRODUCTS_DIR; };
		94C08A121BF1741E0000C88E /* ______demoTests.m */ = {isa = PBXFileReference; lastKnownFileType = sourcecode.c.objc; path = "______demoTests.m"; sourceTree = "<group>"; };
		94C08A141BF1741E0000C88E /* Info.plist */ = {isa = PBXFileReference; lastKnownFileType = text.plist.xml; path = Info.plist; sourceTree = "<group>"; };
		94C08A191BF1741E0000C88E /* 六边形进度条demoUITests.xctest */ = {isa = PBXFileReference; explicitFileType = wrapper.cfbundle; includeInIndex = 0; path = "六边形进度条demoUITests.xctest"; sourceTree = BUILT_PRODUCTS_DIR; };
		94C08A1D1BF1741E0000C88E /* ______demoUITests.m */ = {isa = PBXFileReference; lastKnownFileType = sourcecode.c.objc; path = "______demoUITests.m"; sourceTree = "<group>"; };
		94C08A1F1BF1741E0000C88E /* Info.plist */ = {isa = PBXFileReference; lastKnownFileType = text.plist.xml; path = Info.plist; sourceTree = "<group>"; };
		94C08A2C1BF174900000C88E /* SexangleProgess.h */ = {isa = PBXFileReference; fileEncoding = 4; lastKnownFileType = sourcecode.c.h; path = SexangleProgess.h; sourceTree = "<group>"; };
		94C08A2D1BF174900000C88E /* SexangleProgess.m */ = {isa = PBXFileReference; fileEncoding = 4; lastKnownFileType = sourcecode.c.objc; path = SexangleProgess.m; sourceTree = "<group>"; };
		94C08A311BF18FD50000C88E /* test.jpg */ = {isa = PBXFileReference; lastKnownFileType = image.jpeg; path = test.jpg; sourceTree = "<group>"; };
		94C08A331BF1D4990000C88E /* test1.jpg */ = {isa = PBXFileReference; lastKnownFileType = image.jpeg; path = test1.jpg; sourceTree = "<group>"; };
		94C08A351BF1D69A0000C88E /* test2.jpg */ = {isa = PBXFileReference; lastKnownFileType = image.jpeg; path = test2.jpg; sourceTree = "<group>"; };
/* End PBXFileReference section */

/* Begin PBXFrameworksBuildPhase section */
		94C089F21BF1741E0000C88E /* Frameworks */ = {
			isa = PBXFrameworksBuildPhase;
			buildActionMask = 2147483647;
			files = (
			);
			runOnlyForDeploymentPostprocessing = 0;
		};
		94C08A0B1BF1741E0000C88E /* Frameworks */ = {
			isa = PBXFrameworksBuildPhase;
			buildActionMask = 2147483647;
			files = (
			);
			runOnlyForDeploymentPostprocessing = 0;
		};
		94C08A161BF1741E0000C88E /* Frameworks */ = {
			isa = PBXFrameworksBuildPhase;
			buildActionMask = 2147483647;
			files = (
			);
			runOnlyForDeploymentPostprocessing = 0;
		};
/* End PBXFrameworksBuildPhase section */

/* Begin PBXGroup section */
		94C089EC1BF1741E0000C88E = {
			isa = PBXGroup;
			children = (
				94C089F71BF1741E0000C88E /* 六边形进度条demo */,
				94C08A111BF1741E0000C88E /* 六边形进度条demoTests */,
				94C08A1C1BF1741E0000C88E /* 六边形进度条demoUITests */,
				94C089F61BF1741E0000C88E /* Products */,
			);
			sourceTree = "<group>";
		};
		94C089F61BF1741E0000C88E /* Products */ = {
			isa = PBXGroup;
			children = (
				94C089F51BF1741E0000C88E /* 六边形进度条demo.app */,
				94C08A0E1BF1741E0000C88E /* 六边形进度条demoTests.xctest */,
				94C08A191BF1741E0000C88E /* 六边形进度条demoUITests.xctest */,
			);
			name = Products;
			sourceTree = "<group>";
		};
		94C089F71BF1741E0000C88E /* 六边形进度条demo */ = {
			isa = PBXGroup;
			children = (
				94C08A2B1BF1747B0000C88E /* SexangleProgress */,
				94C089FB1BF1741E0000C88E /* AppDelegate.h */,
				94C089FC1BF1741E0000C88E /* AppDelegate.m */,
				94C089FE1BF1741E0000C88E /* ViewController.h */,
				94C089FF1BF1741E0000C88E /* ViewController.m */,
				94C08A011BF1741E0000C88E /* Main.storyboard */,
				94C08A041BF1741E0000C88E /* Assets.xcassets */,
				94C08A061BF1741E0000C88E /* LaunchScreen.storyboard */,
				94C08A091BF1741E0000C88E /* Info.plist */,
				94C089F81BF1741E0000C88E /* Supporting Files */,
				94C08A311BF18FD50000C88E /* test.jpg */,
				94C08A331BF1D4990000C88E /* test1.jpg */,
				94C08A351BF1D69A0000C88E /* test2.jpg */,
			);
			path = "六边形进度条demo";
			sourceTree = "<group>";
		};
		94C089F81BF1741E0000C88E /* Supporting Files */ = {
			isa = PBXGroup;
			children = (
				94C089F91BF1741E0000C88E /* main.m */,
			);
			name = "Supporting Files";
			sourceTree = "<group>";
		};
		94C08A111BF1741E0000C88E /* 六边形进度条demoTests */ = {
			isa = PBXGroup;
			children = (
				94C08A121BF1741E0000C88E /* ______demoTests.m */,
				94C08A141BF1741E0000C88E /* Info.plist */,
			);
			path = "六边形进度条demoTests";
			sourceTree = "<group>";
		};
		94C08A1C1BF1741E0000C88E /* 六边形进度条demoUITests */ = {
			isa = PBXGroup;
			children = (
				94C08A1D1BF1741E0000C88E /* ______demoUITests.m */,
				94C08A1F1BF1741E0000C88E /* Info.plist */,
			);
			path = "六边形进度条demoUITests";
			sourceTree = "<group>";
		};
		94C08A2B1BF1747B0000C88E /* SexangleProgress */ = {
			isa = PBXGroup;
			children = (
				94C08A2C1BF174900000C88E /* SexangleProgess.h */,
				94C08A2D1BF174900000C88E /* SexangleProgess.m */,
			);
			path = SexangleProgress;
			sourceTree = "<group>";
		};
/* End PBXGroup section */

/* Begin PBXNativeTarget section */
		94C089F41BF1741E0000C88E /* 六边形进度条demo */ = {
			isa = PBXNativeTarget;
			buildConfigurationList = 94C08A221BF1741E0000C88E /* Build configuration list for PBXNativeTarget "六边形进度条demo" */;
			buildPhases = (
				94C089F11BF1741E0000C88E /* Sources */,
				94C089F21BF1741E0000C88E /* Frameworks */,
				94C089F31BF1741E0000C88E /* Resources */,
			);
			buildRules = (
			);
			dependencies = (
			);
			name = "六边形进度条demo";
			productName = "六边形进度条demo";
			productReference = 94C089F51BF1741E0000C88E /* 六边形进度条demo.app */;
			productType = "com.apple.product-type.application";
		};
		94C08A0D1BF1741E0000C88E /* 六边形进度条demoTests */ = {
			isa = PBXNativeTarget;
			buildConfigurationList = 94C08A251BF1741E0000C88E /* Build configuration list for PBXNativeTarget "六边形进度条demoTests" */;
			buildPhases = (
				94C08A0A1BF1741E0000C88E /* Sources */,
				94C08A0B1BF1741E0000C88E /* Frameworks */,
				94C08A0C1BF1741E0000C88E /* Resources */,
			);
			buildRules = (
			);
			dependencies = (
				94C08A101BF1741E0000C88E /* PBXTargetDependency */,
			);
			name = "六边形进度条demoTests";
			productName = "六边形进度条demoTests";
			productReference = 94C08A0E1BF1741E0000C88E /* 六边形进度条demoTests.xctest */;
			productType = "com.apple.product-type.bundle.unit-test";
		};
		94C08A181BF1741E0000C88E /* 六边形进度条demoUITests */ = {
			isa = PBXNativeTarget;
			buildConfigurationList = 94C08A281BF1741E0000C88E /* Build configuration list for PBXNativeTarget "六边形进度条demoUITests" */;
			buildPhases = (
				94C08A151BF1741E0000C88E /* Sources */,
				94C08A161BF1741E0000C88E /* Frameworks */,
				94C08A171BF1741E0000C88E /* Resources */,
			);
			buildRules = (
			);
			dependencies = (
				94C08A1B1BF1741E0000C88E /* PBXTargetDependency */,
			);
			name = "六边形进度条demoUITests";
			productName = "六边形进度条demoUITests";
			productReference = 94C08A191BF1741E0000C88E /* 六边形进度条demoUITests.xctest */;
			productType = "com.apple.product-type.bundle.ui-testing";
		};
/* End PBXNativeTarget section */

/* Begin PBXProject section */
		94C089ED1BF1741E0000C88E /* Project object */ = {
			isa = PBXProject;
			attributes = {
				LastUpgradeCheck = 0710;
				ORGANIZATIONNAME = yinyi;
				TargetAttributes = {
					94C089F41BF1741E0000C88E = {
						CreatedOnToolsVersion = 7.1;
						DevelopmentTeam = A28YQTKVHF;
					};
					94C08A0D1BF1741E0000C88E = {
						CreatedOnToolsVersion = 7.1;
						DevelopmentTeam = A28YQTKVHF;
						TestTargetID = 94C089F41BF1741E0000C88E;
					};
					94C08A181BF1741E0000C88E = {
						CreatedOnToolsVersion = 7.1;
						DevelopmentTeam = A28YQTKVHF;
						TestTargetID = 94C089F41BF1741E0000C88E;
					};
				};
			};
			buildConfigurationList = 94C089F01BF1741E0000C88E /* Build configuration list for PBXProject "六边形进度条demo" */;
			compatibilityVersion = "Xcode 3.2";
			developmentRegion = English;
			hasScannedForEncodings = 0;
			knownRegions = (
				en,
				Base,
			);
			mainGroup = 94C089EC1BF1741E0000C88E;
			productRefGroup = 94C089F61BF1741E0000C88E /* Products */;
			projectDirPath = "";
			projectRoot = "";
			targets = (
				94C089F41BF1741E0000C88E /* 六边形进度条demo */,
				94C08A0D1BF1741E0000C88E /* 六边形进度条demoTests */,
				94C08A181BF1741E0000C88E /* 六边形进度条demoUITests */,
			);
		};
/* End PBXProject section */

/* Begin PBXResourcesBuildPhase section */
		94C089F31BF1741E0000C88E /* Resources */ = {
			isa = PBXResourcesBuildPhase;
			buildActionMask = 2147483647;
			files = (
				94C08A081BF1741E0000C88E /* LaunchScreen.storyboard in Resources */,
				94C08A051BF1741E0000C88E /* Assets.xcassets in Resources */,
				94C08A361BF1D69A0000C88E /* test2.jpg in Resources */,
				94C08A031BF1741E0000C88E /* Main.storyboard in Resources */,
				94C08A341BF1D4990000C88E /* test1.jpg in Resources */,
				94C08A321BF18FD50000C88E /* test.jpg in Resources */,
			);
			runOnlyForDeploymentPostprocessing = 0;
		};
		94C08A0C1BF1741E0000C88E /* Resources */ = {
			isa = PBXResourcesBuildPhase;
			buildActionMask = 2147483647;
			files = (
			);
			runOnlyForDeploymentPostprocessing = 0;
		};
		94C08A171BF1741E0000C88E /* Resources */ = {
			isa = PBXResourcesBuildPhase;
			buildActionMask = 2147483647;
			files = (
			);
			runOnlyForDeploymentPostprocessing = 0;
		};
/* End PBXResourcesBuildPhase section */

/* Begin PBXSourcesBuildPhase section */
		94C089F11BF1741E0000C88E /* Sources */ = {
			isa = PBXSourcesBuildPhase;
			buildActionMask = 2147483647;
			files = (
				94C08A001BF1741E0000C88E /* ViewController.m in Sources */,
				94C089FD1BF1741E0000C88E /* AppDelegate.m in Sources */,
				94C08A2E1BF174900000C88E /* SexangleProgess.m in Sources */,
				94C089FA1BF1741E0000C88E /* main.m in Sources */,
			);
			runOnlyForDeploymentPostprocessing = 0;
		};
		94C08A0A1BF1741E0000C88E /* Sources */ = {
			isa = PBXSourcesBuildPhase;
			buildActionMask = 2147483647;
			files = (
				94C08A131BF1741E0000C88E /* ______demoTests.m in Sources */,
			);
			runOnlyForDeploymentPostprocessing = 0;
		};
		94C08A151BF1741E0000C88E /* Sources */ = {
			isa = PBXSourcesBuildPhase;
			buildActionMask = 2147483647;
			files = (
				94C08A1E1BF1741E0000C88E /* ______demoUITests.m in Sources */,
			);
			runOnlyForDeploymentPostprocessing = 0;
		};
/* End PBXSourcesBuildPhase section */

/* Begin PBXTargetDependency section */
		94C08A101BF1741E0000C88E /* PBXTargetDependency */ = {
			isa = PBXTargetDependency;
			target = 94C089F41BF1741E0000C88E /* 六边形进度条demo */;
			targetProxy = 94C08A0F1BF1741E0000C88E /* PBXContainerItemProxy */;
		};
		94C08A1B1BF1741E0000C88E /* PBXTargetDependency */ = {
			isa = PBXTargetDependency;
			target = 94C089F41BF1741E0000C88E /* 六边形进度条demo */;
			targetProxy = 94C08A1A1BF1741E0000C88E /* PBXContainerItemProxy */;
		};
/* End PBXTargetDependency section */

/* Begin PBXVariantGroup section */
		94C08A011BF1741E0000C88E /* Main.storyboard */ = {
			isa = PBXVariantGroup;
			children = (
				94C08A021BF1741E0000C88E /* Base */,
			);
			name = Main.storyboard;
			sourceTree = "<group>";
		};
		94C08A061BF1741E0000C88E /* LaunchScreen.storyboard */ = {
			isa = PBXVariantGroup;
			children = (
				94C08A071BF1741E0000C88E /* Base */,
			);
			name = LaunchScreen.storyboard;
			sourceTree = "<group>";
		};
/* End PBXVariantGroup section */

/* Begin XCBuildConfiguration section */
		94C08A201BF1741E0000C88E /* Debug */ = {
			isa = XCBuildConfiguration;
			buildSettings = {
				ALWAYS_SEARCH_USER_PATHS = NO;
				CLANG_CXX_LANGUAGE_STANDARD = "gnu++0x";
				CLANG_CXX_LIBRARY = "libc++";
				CLANG_ENABLE_MODULES = YES;
				CLANG_ENABLE_OBJC_ARC = YES;
				CLANG_WARN_BOOL_CONVERSION = YES;
				CLANG_WARN_CONSTANT_CONVERSION = YES;
				CLANG_WARN_DIRECT_OBJC_ISA_USAGE = YES_ERROR;
				CLANG_WARN_EMPTY_BODY = YES;
				CLANG_WARN_ENUM_CONVERSION = YES;
				CLANG_WARN_INT_CONVERSION = YES;
				CLANG_WARN_OBJC_ROOT_CLASS = YES_ERROR;
				CLANG_WARN_UNREACHABLE_CODE = YES;
				CLANG_WARN__DUPLICATE_METHOD_MATCH = YES;
				"CODE_SIGN_IDENTITY[sdk=iphoneos*]" = "iPhone Developer";
				COPY_PHASE_STRIP = NO;
				DEBUG_INFORMATION_FORMAT = dwarf;
				ENABLE_STRICT_OBJC_MSGSEND = YES;
				ENABLE_TESTABILITY = YES;
				GCC_C_LANGUAGE_STANDARD = gnu99;
				GCC_DYNAMIC_NO_PIC = NO;
				GCC_NO_COMMON_BLOCKS = YES;
				GCC_OPTIMIZATION_LEVEL = 0;
				GCC_PREPROCESSOR_DEFINITIONS = (
					"DEBUG=1",
					"$(inherited)",
				);
				GCC_WARN_64_TO_32_BIT_CONVERSION = YES;
				GCC_WARN_ABOUT_RETURN_TYPE = YES_ERROR;
				GCC_WARN_UNDECLARED_SELECTOR = YES;
				GCC_WARN_UNINITIALIZED_AUTOS = YES_AGGRESSIVE;
				GCC_WARN_UNUSED_FUNCTION = YES;
				GCC_WARN_UNUSED_VARIABLE = YES;
				IPHONEOS_DEPLOYMENT_TARGET = 9.1;
				MTL_ENABLE_DEBUG_INFO = YES;
				ONLY_ACTIVE_ARCH = YES;
				SDKROOT = iphoneos;
			};
			name = Debug;
		};
		94C08A211BF1741E0000C88E /* Release */ = {
			isa = XCBuildConfiguration;
			buildSettings = {
				ALWAYS_SEARCH_USER_PATHS = NO;
				CLANG_CXX_LANGUAGE_STANDARD = "gnu++0x";
				CLANG_CXX_LIBRARY = "libc++";
				CLANG_ENABLE_MODULES = YES;
				CLANG_ENABLE_OBJC_ARC = YES;
				CLANG_WARN_BOOL_CONVERSION = YES;
				CLANG_WARN_CONSTANT_CONVERSION = YES;
				CLANG_WARN_DIRECT_OBJC_ISA_USAGE = YES_ERROR;
				CLANG_WARN_EMPTY_BODY = YES;
				CLANG_WARN_ENUM_CONVERSION = YES;
				CLANG_WARN_INT_CONVERSION = YES;
				CLANG_WARN_OBJC_ROOT_CLASS = YES_ERROR;
				CLANG_WARN_UNREACHABLE_CODE = YES;
				CLANG_WARN__DUPLICATE_METHOD_MATCH = YES;
				"CODE_SIGN_IDENTITY[sdk=iphoneos*]" = "iPhone Developer";
				COPY_PHASE_STRIP = NO;
				DEBUG_INFORMATION_FORMAT = "dwarf-with-dsym";
				ENABLE_NS_ASSERTIONS = NO;
				ENABLE_STRICT_OBJC_MSGSEND = YES;
				GCC_C_LANGUAGE_STANDARD = gnu99;
				GCC_NO_COMMON_BLOCKS = YES;
				GCC_WARN_64_TO_32_BIT_CONVERSION = YES;
				GCC_WARN_ABOUT_RETURN_TYPE = YES_ERROR;
				GCC_WARN_UNDECLARED_SELECTOR = YES;
				GCC_WARN_UNINITIALIZED_AUTOS = YES_AGGRESSIVE;
				GCC_WARN_UNUSED_FUNCTION = YES;
				GCC_WARN_UNUSED_VARIABLE = YES;
				IPHONEOS_DEPLOYMENT_TARGET = 9.1;
				MTL_ENABLE_DEBUG_INFO = NO;
				SDKROOT = iphoneos;
				VALIDATE_PRODUCT = YES;
			};
			name = Release;
		};
		94C08A231BF1741E0000C88E /* Debug */ = {
			isa = XCBuildConfiguration;
			buildSettings = {
				ASSETCATALOG_COMPILER_APPICON_NAME = AppIcon;
				INFOPLIST_FILE = "六边形进度条demo/Info.plist";
				IPHONEOS_DEPLOYMENT_TARGET = 8.4;
				LD_RUNPATH_SEARCH_PATHS = "$(inherited) @executable_path/Frameworks";
				PRODUCT_BUNDLE_IDENTIFIER = "com.yinyi.------demo";
				PRODUCT_NAME = "$(TARGET_NAME)";
			};
			name = Debug;
		};
		94C08A241BF1741E0000C88E /* Release */ = {
			isa = XCBuildConfiguration;
			buildSettings = {
				ASSETCATALOG_COMPILER_APPICON_NAME = AppIcon;
				INFOPLIST_FILE = "六边形进度条demo/Info.plist";
				IPHONEOS_DEPLOYMENT_TARGET = 8.4;
				LD_RUNPATH_SEARCH_PATHS = "$(inherited) @executable_path/Frameworks";
				PRODUCT_BUNDLE_IDENTIFIER = "com.yinyi.------demo";
				PRODUCT_NAME = "$(TARGET_NAME)";
			};
			name = Release;
		};
		94C08A261BF1741E0000C88E /* Debug */ = {
			isa = XCBuildConfiguration;
			buildSettings = {
				BUNDLE_LOADER = "$(TEST_HOST)";
				INFOPLIST_FILE = "六边形进度条demoTests/Info.plist";
				LD_RUNPATH_SEARCH_PATHS = "$(inherited) @executable_path/Frameworks @loader_path/Frameworks";
				PRODUCT_BUNDLE_IDENTIFIER = "com.yinyi.------demoTests";
				PRODUCT_NAME = "$(TARGET_NAME)";
				TEST_HOST = "$(BUILT_PRODUCTS_DIR)/六边形进度条demo.app/六边形进度条demo";
			};
			name = Debug;
		};
		94C08A271BF1741E0000C88E /* Release */ = {
			isa = XCBuildConfiguration;
			buildSettings = {
				BUNDLE_LOADER = "$(TEST_HOST)";
				INFOPLIST_FILE = "六边形进度条demoTests/Info.plist";
				LD_RUNPATH_SEARCH_PATHS = "$(inherited) @executable_path/Frameworks @loader_path/Frameworks";
				PRODUCT_BUNDLE_IDENTIFIER = "com.yinyi.------demoTests";
				PRODUCT_NAME = "$(TARGET_NAME)";
				TEST_HOST = "$(BUILT_PRODUCTS_DIR)/六边形进度条demo.app/六边形进度条demo";
			};
			name = Release;
		};
		94C08A291BF1741E0000C88E /* Debug */ = {
			isa = XCBuildConfiguration;
			buildSettings = {
				INFOPLIST_FILE = "六边形进度条demoUITests/Info.plist";
				LD_RUNPATH_SEARCH_PATHS = "$(inherited) @executable_path/Frameworks @loader_path/Frameworks";
				PRODUCT_BUNDLE_IDENTIFIER = "com.yinyi.------demoUITests";
				PRODUCT_NAME = "$(TARGET_NAME)";
				TEST_TARGET_NAME = "六边形进度条demo";
				USES_XCTRUNNER = YES;
			};
			name = Debug;
		};
		94C08A2A1BF1741E0000C88E /* Release */ = {
			isa = XCBuildConfiguration;
			buildSettings = {
				INFOPLIST_FILE = "六边形进度条demoUITests/Info.plist";
				LD_RUNPATH_SEARCH_PATHS = "$(inherited) @executable_path/Frameworks @loader_path/Frameworks";
				PRODUCT_BUNDLE_IDENTIFIER = "com.yinyi.------demoUITests";
				PRODUCT_NAME = "$(TARGET_NAME)";
				TEST_TARGET_NAME = "六边形进度条demo";
				USES_XCTRUNNER = YES;
			};
			name = Release;
		};
/* End XCBuildConfiguration section */

/* Begin XCConfigurationList section */
		94C089F01BF1741E0000C88E /* Build configuration list for PBXProject "六边形进度条demo" */ = {
			isa = XCConfigurationList;
			buildConfigurations = (
				94C08A201BF1741E0000C88E /* Debug */,
				94C08A211BF1741E0000C88E /* Release */,
			);
			defaultConfigurationIsVisible = 0;
			defaultConfigurationName = Release;
		};
		94C08A221BF1741E0000C88E /* Build configuration list for PBXNativeTarget "六边形进度条demo" */ = {
			isa = XCConfigurationList;
			buildConfigurations = (
				94C08A231BF1741E0000C88E /* Debug */,
				94C08A241BF1741E0000C88E /* Release */,
			);
			defaultConfigurationIsVisible = 0;
		};
		94C08A251BF1741E0000C88E /* Build configuration list for PBXNativeTarget "六边形进度条demoTests" */ = {
			isa = XCConfigurationList;
			buildConfigurations = (
				94C08A261BF1741E0000C88E /* Debug */,
				94C08A271BF1741E0000C88E /* Release */,
			);
			defaultConfigurationIsVisible = 0;
		};
		94C08A281BF1741E0000C88E /* Build configuration list for PBXNativeTarget "六边形进度条demoUITests" */ = {
			isa = XCConfigurationList;
			buildConfigurations = (
				94C08A291BF1741E0000C88E /* Debug */,
				94C08A2A1BF1741E0000C88E /* Release */,
			);
			defaultConfigurationIsVisible = 0;
		};
/* End XCConfigurationList section */
	};
	rootObject = 94C089ED1BF1741E0000C88E /* Project object */;
}
